// !$*UTF8*$!
{
	archiveVersion = 1;
	classes = {
	};
	objectVersion = 55;
	objects = {

/* Begin PBXBuildFile section */
		E9518E5D2862E95A00066230 /* Player.cpp in Sources */ = {isa = PBXBuildFile; fileRef = E9518E5B2862E95A00066230 /* Player.cpp */; };
		E9518E602862E97100066230 /* Robot.cpp in Sources */ = {isa = PBXBuildFile; fileRef = E9518E5E2862E97100066230 /* Robot.cpp */; };
		E9518E632862E98200066230 /* Game.cpp in Sources */ = {isa = PBXBuildFile; fileRef = E9518E612862E98200066230 /* Game.cpp */; };
		E9518E662862E99500066230 /* Arena.cpp in Sources */ = {isa = PBXBuildFile; fileRef = E9518E642862E99500066230 /* Arena.cpp */; };
		E9518E692862EB8D00066230 /* globals.cpp in Sources */ = {isa = PBXBuildFile; fileRef = E9518E672862EB8D00066230 /* globals.cpp */; };
		E9518E6C2862FE5400066230 /* Previous.cpp in Sources */ = {isa = PBXBuildFile; fileRef = E9518E6A2862FE5400066230 /* Previous.cpp */; };
		E9FA3C9628DAEAB300A59E2C /* main.cpp in Sources */ = {isa = PBXBuildFile; fileRef = E9FA3C9528DAEAB300A59E2C /* main.cpp */; };
/* End PBXBuildFile section */

/* Begin PBXCopyFilesBuildPhase section */
		E9BC98BF28613CB9005D43AB /* CopyFiles */ = {
			isa = PBXCopyFilesBuildPhase;
			buildActionMask = 2147483647;
			dstPath = /usr/share/man/man1/;
			dstSubfolderSpec = 0;
			files = (
			);
			runOnlyForDeploymentPostprocessing = 1;
		};
/* End PBXCopyFilesBuildPhase section */

/* Begin PBXFileReference section */
		E9518E5B2862E95A00066230 /* Player.cpp */ = {isa = PBXFileReference; lastKnownFileType = sourcecode.cpp.cpp; path = Player.cpp; sourceTree = "<group>"; };
		E9518E5C2862E95A00066230 /* Player.hpp */ = {isa = PBXFileReference; lastKnownFileType = sourcecode.cpp.h; path = Player.hpp; sourceTree = "<group>"; };
		E9518E5E2862E97100066230 /* Robot.cpp */ = {isa = PBXFileReference; lastKnownFileType = sourcecode.cpp.cpp; path = Robot.cpp; sourceTree = "<group>"; };
		E9518E5F2862E97100066230 /* Robot.hpp */ = {isa = PBXFileReference; lastKnownFileType = sourcecode.cpp.h; path = Robot.hpp; sourceTree = "<group>"; };
		E9518E612862E98200066230 /* Game.cpp */ = {isa = PBXFileReference; lastKnownFileType = sourcecode.cpp.cpp; path = Game.cpp; sourceTree = "<group>"; };
		E9518E622862E98200066230 /* Game.hpp */ = {isa = PBXFileReference; lastKnownFileType = sourcecode.cpp.h; path = Game.hpp; sourceTree = "<group>"; };
		E9518E642862E99500066230 /* Arena.cpp */ = {isa = PBXFileReference; lastKnownFileType = sourcecode.cpp.cpp; path = Arena.cpp; sourceTree = "<group>"; };
		E9518E652862E99500066230 /* Arena.hpp */ = {isa = PBXFileReference; lastKnownFileType = sourcecode.cpp.h; path = Arena.hpp; sourceTree = "<group>"; };
		E9518E672862EB8D00066230 /* globals.cpp */ = {isa = PBXFileReference; lastKnownFileType = sourcecode.cpp.cpp; path = globals.cpp; sourceTree = "<group>"; };
		E9518E682862EB8D00066230 /* globals.hpp */ = {isa = PBXFileReference; lastKnownFileType = sourcecode.cpp.h; path = globals.hpp; sourceTree = "<group>"; };
		E9518E6A2862FE5400066230 /* Previous.cpp */ = {isa = PBXFileReference; lastKnownFileType = sourcecode.cpp.cpp; path = Previous.cpp; sourceTree = "<group>"; };
		E9518E6B2862FE5400066230 /* Previous.hpp */ = {isa = PBXFileReference; lastKnownFileType = sourcecode.cpp.h; path = Previous.hpp; sourceTree = "<group>"; };
		E9BC98C128613CB9005D43AB /* cs32project1 */ = {isa = PBXFileReference; explicitFileType = "compiled.mach-o.executable"; includeInIndex = 0; path = cs32project1; sourceTree = BUILT_PRODUCTS_DIR; };
		E9FA3C9528DAEAB300A59E2C /* main.cpp */ = {isa = PBXFileReference; fileEncoding = 4; lastKnownFileType = sourcecode.cpp.cpp; path = main.cpp; sourceTree = "<group>"; };
/* End PBXFileReference section */

/* Begin PBXFrameworksBuildPhase section */
		E9BC98BE28613CB9005D43AB /* Frameworks */ = {
			isa = PBXFrameworksBuildPhase;
			buildActionMask = 2147483647;
			files = (
			);
			runOnlyForDeploymentPostprocessing = 0;
		};
/* End PBXFrameworksBuildPhase section */

/* Begin PBXGroup section */
		E9BC98B828613CB8005D43AB = {
			isa = PBXGroup;
			children = (
				E9BC98C328613CB9005D43AB /* cs32project1 */,
				E9BC98C228613CB9005D43AB /* Products */,
			);
			sourceTree = "<group>";
		};
		E9BC98C228613CB9005D43AB /* Products */ = {
			isa = PBXGroup;
			children = (
				E9BC98C128613CB9005D43AB /* cs32project1 */,
			);
			name = Products;
			sourceTree = "<group>";
		};
		E9BC98C328613CB9005D43AB /* cs32project1 */ = {
			isa = PBXGroup;
			children = (
				E9FA3C9528DAEAB300A59E2C /* main.cpp */,
				E9518E5B2862E95A00066230 /* Player.cpp */,
				E9518E5C2862E95A00066230 /* Player.hpp */,
				E9518E5E2862E97100066230 /* Robot.cpp */,
				E9518E5F2862E97100066230 /* Robot.hpp */,
				E9518E612862E98200066230 /* Game.cpp */,
				E9518E622862E98200066230 /* Game.hpp */,
				E9518E642862E99500066230 /* Arena.cpp */,
				E9518E652862E99500066230 /* Arena.hpp */,
				E9518E672862EB8D00066230 /* globals.cpp */,
				E9518E682862EB8D00066230 /* globals.hpp */,
				E9518E6A2862FE5400066230 /* Previous.cpp */,
				E9518E6B2862FE5400066230 /* Previous.hpp */,
			);
			path = cs32project1;
			sourceTree = "<group>";
		};
/* End PBXGroup section */

/* Begin PBXNativeTarget section */
		E9BC98C028613CB9005D43AB /* cs32project1 */ = {
			isa = PBXNativeTarget;
			buildConfigurationList = E9BC98C828613CB9005D43AB /* Build configuration list for PBXNativeTarget "cs32project1" */;
			buildPhases = (
				E9BC98BD28613CB9005D43AB /* Sources */,
				E9BC98BE28613CB9005D43AB /* Frameworks */,
				E9BC98BF28613CB9005D43AB /* CopyFiles */,
			);
			buildRules = (
			);
			dependencies = (
			);
			name = cs32project1;
			productName = cs32project1;
			productReference = E9BC98C128613CB9005D43AB /* cs32project1 */;
			productType = "com.apple.product-type.tool";
		};
/* End PBXNativeTarget section */

/* Begin PBXProject section */
		E9BC98B928613CB9005D43AB /* Project object */ = {
			isa = PBXProject;
			attributes = {
				BuildIndependentTargetsInParallel = 1;
				LastUpgradeCheck = 1340;
				TargetAttributes = {
					E9BC98C028613CB9005D43AB = {
						CreatedOnToolsVersion = 13.4.1;
					};
				};
			};
			buildConfigurationList = E9BC98BC28613CB9005D43AB /* Build configuration list for PBXProject "cs32project1" */;
			compatibilityVersion = "Xcode 13.0";
			developmentRegion = en;
			hasScannedForEncodings = 0;
			knownRegions = (
				en,
				Base,
			);
			mainGroup = E9BC98B828613CB8005D43AB;
			productRefGroup = E9BC98C228613CB9005D43AB /* Products */;
			projectDirPath = "";
			projectRoot = "";
			targets = (
				E9BC98C028613CB9005D43AB /* cs32project1 */,
			);
		};
/* End PBXProject section */

/* Begin PBXSourcesBuildPhase section */
		E9BC98BD28613CB9005D43AB /* Sources */ = {
			isa = PBXSourcesBuildPhase;
			buildActionMask = 2147483647;
			files = (
				E9518E692862EB8D00066230 /* globals.cpp in Sources */,
				E9518E6C2862FE5400066230 /* Previous.cpp in Sources */,
				E9518E5D2862E95A00066230 /* Player.cpp in Sources */,
				E9518E602862E97100066230 /* Robot.cpp in Sources */,
				E9FA3C9628DAEAB300A59E2C /* main.cpp in Sources */,
				E9518E662862E99500066230 /* Arena.cpp in Sources */,
				E9518E632862E98200066230 /* Game.cpp in Sources */,
			);
			runOnlyForDeploymentPostprocessing = 0;
		};
/* End PBXSourcesBuildPhase section */

/* Begin XCBuildConfiguration section */
		E9BC98C628613CB9005D43AB /* Debug */ = {
			isa = XCBuildConfiguration;
			buildSettings = {
				ALWAYS_SEARCH_USER_PATHS = NO;
				CLANG_ANALYZER_NONNULL = YES;
				CLANG_ANALYZER_NUMBER_OBJECT_CONVERSION = YES_AGGRESSIVE;
				CLANG_CXX_LANGUAGE_STANDARD = "gnu++17";
				CLANG_ENABLE_MODULES = YES;
				CLANG_ENABLE_OBJC_ARC = YES;
				CLANG_ENABLE_OBJC_WEAK = YES;
				CLANG_WARN_BLOCK_CAPTURE_AUTORELEASING = YES;
				CLANG_WARN_BOOL_CONVERSION = YES;
				CLANG_WARN_COMMA = YES;
				CLANG_WARN_CONSTANT_CONVERSION = YES;
				CLANG_WARN_DEPRECATED_OBJC_IMPLEMENTATIONS = YES;
				CLANG_WARN_DIRECT_OBJC_ISA_USAGE = YES_ERROR;
				CLANG_WARN_DOCUMENTATION_COMMENTS = YES;
				CLANG_WARN_EMPTY_BODY = YES;
				CLANG_WARN_ENUM_CONVERSION = YES;
				CLANG_WARN_INFINITE_RECURSION = YES;
				CLANG_WARN_INT_CONVERSION = YES;
				CLANG_WARN_NON_LITERAL_NULL_CONVERSION = YES;
				CLANG_WARN_OBJC_IMPLICIT_RETAIN_SELF = YES;
				CLANG_WARN_OBJC_LITERAL_CONVERSION = YES;
				CLANG_WARN_OBJC_ROOT_CLASS = YES_ERROR;
				CLANG_WARN_QUOTED_INCLUDE_IN_FRAMEWORK_HEADER = YES;
				CLANG_WARN_RANGE_LOOP_ANALYSIS = YES;
				CLANG_WARN_STRICT_PROTOTYPES = YES;
				CLANG_WARN_SUSPICIOUS_MOVE = YES;
				CLANG_WARN_UNGUARDED_AVAILABILITY = YES_AGGRESSIVE;
				CLANG_WARN_UNREACHABLE_CODE = YES;
				CLANG_WARN__DUPLICATE_METHOD_MATCH = YES;
				COPY_PHASE_STRIP = NO;
				DEBUG_INFORMATION_FORMAT = dwarf;
				ENABLE_STRICT_OBJC_MSGSEND = YES;
				ENABLE_TESTABILITY = YES;
				GCC_C_LANGUAGE_STANDARD = gnu11;
				GCC_DYNAMIC_NO_PIC = NO;
				GCC_NO_COMMON_BLOCKS = YES;
				GCC_OPTIMIZATION_LEVEL = 0;
				GCC_PREPROCESSOR_DEFINITIONS = (
					"DEBUG=1",
					"$(inherited)",
				);
				GCC_WARN_64_TO_32_BIT_CONVERSION = YES;
				GCC_WARN_ABOUT_RETURN_TYPE = YES_ERROR;
				GCC_WARN_UNDECLARED_SELECTOR = YES;
				GCC_WARN_UNINITIALIZED_AUTOS = YES_AGGRESSIVE;
				GCC_WARN_UNUSED_FUNCTION = YES;
				GCC_WARN_UNUSED_VARIABLE = YES;
				MACOSX_DEPLOYMENT_TARGET = 12.3;
				MTL_ENABLE_DEBUG_INFO = INCLUDE_SOURCE;
				MTL_FAST_MATH = YES;
				ONLY_ACTIVE_ARCH = YES;
				SDKROOT = macosx;
			};
			name = Debug;
		};
		E9BC98C728613CB9005D43AB /* Release */ = {
			isa = XCBuildConfiguration;
			buildSettings = {
				ALWAYS_SEARCH_USER_PATHS = NO;
				CLANG_ANALYZER_NONNULL = YES;
				CLANG_ANALYZER_NUMBER_OBJECT_CONVERSION = YES_AGGRESSIVE;
				CLANG_CXX_LANGUAGE_STANDARD = "gnu++17";
				CLANG_ENABLE_MODULES = YES;
				CLANG_ENABLE_OBJC_ARC = YES;
				CLANG_ENABLE_OBJC_WEAK = YES;
				CLANG_WARN_BLOCK_CAPTURE_AUTORELEASING = YES;
				CLANG_WARN_BOOL_CONVERSION = YES;
				CLANG_WARN_COMMA = YES;
				CLANG_WARN_CONSTANT_CONVERSION = YES;
				CLANG_WARN_DEPRECATED_OBJC_IMPLEMENTATIONS = YES;
				CLANG_WARN_DIRECT_OBJC_ISA_USAGE = YES_ERROR;
				CLANG_WARN_DOCUMENTATION_COMMENTS = YES;
				CLANG_WARN_EMPTY_BODY = YES;
				CLANG_WARN_ENUM_CONVERSION = YES;
				CLANG_WARN_INFINITE_RECURSION = YES;
				CLANG_WARN_INT_CONVERSION = YES;
				CLANG_WARN_NON_LITERAL_NULL_CONVERSION = YES;
				CLANG_WARN_OBJC_IMPLICIT_RETAIN_SELF = YES;
				CLANG_WARN_OBJC_LITERAL_CONVERSION = YES;
				CLANG_WARN_OBJC_ROOT_CLASS = YES_ERROR;
				CLANG_WARN_QUOTED_INCLUDE_IN_FRAMEWORK_HEADER = YES;
				CLANG_WARN_RANGE_LOOP_ANALYSIS = YES;
				CLANG_WARN_STRICT_PROTOTYPES = YES;
				CLANG_WARN_SUSPICIOUS_MOVE = YES;
				CLANG_WARN_UNGUARDED_AVAILABILITY = YES_AGGRESSIVE;
				CLANG_WARN_UNREACHABLE_CODE = YES;
				CLANG_WARN__DUPLICATE_METHOD_MATCH = YES;
				COPY_PHASE_STRIP = NO;
				DEBUG_INFORMATION_FORMAT = "dwarf-with-dsym";
				ENABLE_NS_ASSERTIONS = NO;
				ENABLE_STRICT_OBJC_MSGSEND = YES;
				GCC_C_LANGUAGE_STANDARD = gnu11;
				GCC_NO_COMMON_BLOCKS = YES;
				GCC_WARN_64_TO_32_BIT_CONVERSION = YES;
				GCC_WARN_ABOUT_RETURN_TYPE = YES_ERROR;
				GCC_WARN_UNDECLARED_SELECTOR = YES;
				GCC_WARN_UNINITIALIZED_AUTOS = YES_AGGRESSIVE;
				GCC_WARN_UNUSED_FUNCTION = YES;
				GCC_WARN_UNUSED_VARIABLE = YES;
				MACOSX_DEPLOYMENT_TARGET = 12.3;
				MTL_ENABLE_DEBUG_INFO = NO;
				MTL_FAST_MATH = YES;
				SDKROOT = macosx;
			};
			name = Release;
		};
		E9BC98C928613CB9005D43AB /* Debug */ = {
			isa = XCBuildConfiguration;
			buildSettings = {
				CODE_SIGN_STYLE = Automatic;
				PRODUCT_NAME = "$(TARGET_NAME)";
			};
			name = Debug;
		};
		E9BC98CA28613CB9005D43AB /* Release */ = {
			isa = XCBuildConfiguration;
			buildSettings = {
				CODE_SIGN_STYLE = Automatic;
				PRODUCT_NAME = "$(TARGET_NAME)";
			};
			name = Release;
		};
/* End XCBuildConfiguration section */

/* Begin XCConfigurationList section */
		E9BC98BC28613CB9005D43AB /* Build configuration list for PBXProject "cs32project1" */ = {
			isa = XCConfigurationList;
			buildConfigurations = (
				E9BC98C628613CB9005D43AB /* Debug */,
				E9BC98C728613CB9005D43AB /* Release */,
			);
			defaultConfigurationIsVisible = 0;
			defaultConfigurationName = Release;
		};
		E9BC98C828613CB9005D43AB /* Build configuration list for PBXNativeTarget "cs32project1" */ = {
			isa = XCConfigurationList;
			buildConfigurations = (
				E9BC98C928613CB9005D43AB /* Debug */,
				E9BC98CA28613CB9005D43AB /* Release */,
			);
			defaultConfigurationIsVisible = 0;
			defaultConfigurationName = Release;
		};
/* End XCConfigurationList section */
	};
	rootObject = E9BC98B928613CB9005D43AB /* Project object */;
}
